
Microsoft Visual Studio Solution File, Format Version 12.00
# Visual Studio Version 16
VisualStudioVersion = 16.0.31605.320
MinimumVisualStudioVersion = 10.0.40219.1
Project("{FAE04EC0-301F-11D3-BF4B-00C04F79EFBC}") = "jc-dapper-extension", "jc-dapper-extension\jc-dapper-extension.csproj", "{91A342BD-5F03-4BC5-8181-6A310B7C28C0}"
EndProject
Global
	GlobalSection(SolutionConfigurationPlatforms) = preSolution
		Debug|Any CPU = Debug|Any CPU
		Release|Any CPU = Release|Any CPU
	EndGlobalSection
	GlobalSection(ProjectConfigurationPlatforms) = postSolution
		{91A342BD-5F03-4BC5-8181-6A310B7C28C0}.Debug|Any CPU.ActiveCfg = Debug|Any CPU
		{91A342BD-5F03-4BC5-8181-6A310B7C28C0}.Debug|Any CPU.Build.0 = Debug|Any CPU
		{91A342BD-5F03-4BC5-8181-6A310B7C28C0}.Release|Any CPU.ActiveCfg = Release|Any CPU
		{91A342BD-5F03-4BC5-8181-6A310B7C28C0}.Release|Any CPU.Build.0 = Release|Any CPU
	EndGlobalSection
	GlobalSection(SolutionProperties) = preSolution
		HideSolutionNode = FALSE
	EndGlobalSection
	GlobalSection(ExtensibilityGlobals) = postSolution
		SolutionGuid = {C2D78E74-F383-4ED6-967E-B9F0E32A8525}
	EndGlobalSection
EndGlobal
